PODS:
  - Bindable/Core (0.1.0)
  - Bindable/UIKit (0.1.0):
    - Bindable/Core

DEPENDENCIES:
  - Bindable/UIKit (from `../`)

EXTERNAL SOURCES:
  Bindable:
    :path: ../

SPEC CHECKSUMS:
  Bindable: e63e1aa349637f3c9a0c7fd486f8e53fbde24418

PODFILE CHECKSUM: c6971973ef25b585c469dc055555c0a87cca082c

COCOAPODS: 1.2.0
