PODS:
  - Bindable/Core (0.1.0)
  - Bindable/UIKit (0.1.0):
    - Bindable/Core

DEPENDENCIES:
  - Bindable/UIKit (from `../`)

EXTERNAL SOURCES:
  Bindable:
    :path: ../

SPEC CHECKSUMS:
  Bindable: b4d106684f6c70210e1ddb181437b15302d1e4c2

PODFILE CHECKSUM: c6971973ef25b585c469dc055555c0a87cca082c

COCOAPODS: 1.2.0
