PODS:
  - Bindable/Core (0.2.0)
  - Bindable/UIKit (0.2.0):
    - Bindable/Core

DEPENDENCIES:
  - Bindable/UIKit (from `../`)

EXTERNAL SOURCES:
  Bindable:
    :path: "../"

SPEC CHECKSUMS:
  Bindable: 6400f637e908bc4e8f4e28cf3cb2c05dce6d2ba7

PODFILE CHECKSUM: c6971973ef25b585c469dc055555c0a87cca082c

COCOAPODS: 1.5.0
